<?xml version="1.0" encoding="utf-8"?>
<Project ToolsVersion="4.0" xmlns="http://schemas.microsoft.com/developer/msbuild/2003">
  <ItemGroup>
    <ClCompile Include="Assets\UserAssets.cpp" />
    <ClCompile Include="Assets\Octree.cpp" />
    <ClCompile Include="Source\Systems\Renderers\GrassSystem.cpp" />
    <ClCompile Include="Source\Systems\Renderers\MarchingCubeRS.cpp" />
    <ClCompile Include="Source\Systems\Physics\CollisionDetectionSystem.cpp" />
    <ClCompile Include="Source\Systems\Physics\CollisionResolutionSystem.cpp" />
    <ClCompile Include="Source\Systems\Physics\GravitySystem.cpp" />
    <ClCompile Include="Source\Systems\MasterPhysics.cpp" />
    <ClCompile Include="Source\Systems\Physics\IntegratorSystem.cpp" />
    <ClCompile Include="Source\Systems\Renderers\InstanceRenderer.cpp" />
    <ClCompile Include="Main.cpp" />
    <ClCompile Include="Source\Systems\MasterRenderer.cpp" />
    <ClCompile Include="Source\Core\EntityManager.cpp" />
    <ClCompile Include="Source\Graphics\ShaderManager.cpp" />
    <ClCompile Include="Source\Graphics\Skybox.cpp" />
    <ClCompile Include="Source\Graphics\Texture.cpp" />
    <ClCompile Include="Source\Graphics\TextureManager.cpp" />
    <ClCompile Include="Source\InputOutput\Window.cpp" />
    <ClCompile Include="Source\MasterManager.cpp" />
    <ClCompile Include="Source\Systems\GuiSystem.cpp" />
    <ClCompile Include="Source\Systems\Renderers\RenderSystem.cpp" />
    <ClCompile Include="Source\Systems\Renderers\TerrainRenderer.cpp" />
    <ClCompile Include="Vendor\include\glad\glad.c" />
    <ClCompile Include="Vendor\include\imgui\imgui.cpp" />
    <ClCompile Include="Vendor\include\imgui\imgui_demo.cpp" />
    <ClCompile Include="Vendor\include\imgui\imgui_draw.cpp" />
    <ClCompile Include="Vendor\include\imgui\imgui_impl_glfw.cpp" />
    <ClCompile Include="Vendor\include\imgui\imgui_impl_opengl3.cpp" />
    <ClCompile Include="Vendor\include\imgui\imgui_widgets.cpp" />
    <ClCompile Include="Vendor\include\stb_image.cpp" />
    <ClCompile Include="Source\Systems\Camera\CameraSystem.cpp" />
    <ClCompile Include="Source\Graphics\InstancedModel.cpp" />
    <ClCompile Include="Source\Graphics\Model.cpp" />
    <ClCompile Include="Source\Audio\AudioAmbience.cpp" />
    <ClCompile Include="Source\Audio\AudioMaster.cpp" />
    <ClCompile Include="Source\Audio\AudioSource.cpp" />
  </ItemGroup>
  <ItemGroup>
    <ClInclude Include="Source\Systems\Physics\CollisionData.h" />
    <ClInclude Include="Source\Systems\Physics\CollisionDetectionSystem.h" />
    <ClInclude Include="Source\Systems\Physics\CollisionResolutionSystem.h" />
    <ClInclude Include="Source\Systems\Physics\GravitySystem.h" />
    <ClInclude Include="Source\Components\Physics.h" />
    <ClInclude Include="Source\Components\Collider.h" />
    <ClInclude Include="Source\Systems\constantes.h" />
    <ClInclude Include="Source\Systems\MasterPhysics.h" />
    <ClInclude Include="Source\Systems\Physics\IntegratorSystem.h" />
    <ClInclude Include="Source\Systems\Camera\CameraSystem.h" />
    <ClInclude Include="Source\Components\CameraComponent.h" />
    <ClCompile Include="Vendor\include\glad\glad.c">
      <Filter>Fichiers sources</Filter>
    </ClCompile>
    <ClCompile Include="Vendor\include\stb_image.cpp">
      <Filter>Fichiers sources</Filter>
    </ClCompile>
    <ClCompile Include="Assets\UserAssets.cpp">
      <Filter>Fichiers sources</Filter>
    </ClCompile>
    <ClCompile Include="Source\Core\EntityManager.cpp">
      <Filter>Fichiers sources</Filter>
    </ClCompile>
    <ClCompile Include="Source\Graphics\ShaderManager.cpp">
      <Filter>Fichiers sources</Filter>
    </ClCompile>
    <ClCompile Include="Source\Graphics\Skybox.cpp">
      <Filter>Fichiers sources</Filter>
    </ClCompile>
    <ClCompile Include="Source\Graphics\Texture.cpp">
      <Filter>Fichiers sources</Filter>
    </ClCompile>
    <ClCompile Include="Source\Graphics\TextureManager.cpp">
      <Filter>Fichiers sources</Filter>
    </ClCompile>
    <ClCompile Include="Source\InputOutput\Window.cpp">
      <Filter>Fichiers sources</Filter>
    </ClCompile>
    <ClCompile Include="Source\Systems\GuiSystem.cpp">
      <Filter>Fichiers sources</Filter>
    </ClCompile>
    <ClCompile Include="Source\MasterManager.cpp">
      <Filter>Fichiers sources</Filter>
    </ClCompile>
    <ClCompile Include="Main.cpp">
      <Filter>Fichiers sources</Filter>
    </ClCompile>
    <ClCompile Include="Vendor\include\imgui\imgui.cpp">
      <Filter>Fichiers sources</Filter>
    </ClCompile>
    <ClCompile Include="Vendor\include\imgui\imgui_demo.cpp">
      <Filter>Fichiers sources</Filter>
    </ClCompile>
    <ClCompile Include="Vendor\include\imgui\imgui_draw.cpp">
      <Filter>Fichiers sources</Filter>
    </ClCompile>
    <ClCompile Include="Vendor\include\imgui\imgui_impl_glfw.cpp">
      <Filter>Fichiers sources</Filter>
    </ClCompile>
    <ClCompile Include="Vendor\include\imgui\imgui_impl_opengl3.cpp">
      <Filter>Fichiers sources</Filter>
    </ClCompile>
    <ClCompile Include="Vendor\include\imgui\imgui_widgets.cpp">
      <Filter>Fichiers sources</Filter>
    </ClCompile>
    <ClCompile Include="Source\Systems\Renderers\InstanceRenderer.cpp">
      <Filter>Fichiers sources</Filter>
    </ClCompile>
    <ClCompile Include="Source\Systems\MasterRenderer.cpp">
      <Filter>Fichiers sources</Filter>
    </ClCompile>
    <ClCompile Include="Source\Systems\Renderers\RenderSystem.cpp">
      <Filter>Fichiers sources</Filter>
    </ClCompile>
    <ClCompile Include="Source\Systems\Renderers\MarchingCubeRS.cpp">
      <Filter>Fichiers sources</Filter>
    </ClCompile>
    <ClCompile Include="Assets\Octree.cpp">
      <Filter>Fichiers sources</Filter>
    </ClCompile>
    <ClCompile Include="Source\Systems\Renderers\TerrainRenderer.cpp">
      <Filter>Fichiers sources</Filter>
    </ClCompile>
    <ClCompile Include="Source\Systems\Renderers\GrassSystem.cpp">
      <Filter>Fichiers sources</Filter>
    </ClCompile>
    <ClInclude Include="Assets\RandomGenerator.h" />
    <ClInclude Include="Assets\UserAssets.h" />
    <ClInclude Include="Assets\Octree.h" />
    <ClInclude Include="Source\Graphics\InstancedModel.h" />
    <ClInclude Include="Source\Graphics\MeshType.h" />
    <ClInclude Include="Source\Graphics\Model.h" />
    <ClInclude Include="Source\Systems\Renderers\GrassSystem.h" />
    <ClInclude Include="Source\Systems\Renderers\MarchingCubeRS.h" />
    <ClInclude Include="Source\Components\Terrain.h" />
    <ClInclude Include="Source\Systems\Renderers\InstanceRenderer.h" />
    <ClInclude Include="Source\Systems\Renderers\ModelSystem.h" />
    <ClInclude Include="Source\Systems\Renderers\PyramidRenderSystem.h" />
    <ClInclude Include="Source\Systems\Renderers\QuadRenderSystem.h" />
    <ClInclude Include="Source\Systems\Renderers\CubeRenderSystem.h" />
    <ClInclude Include="Source\Systems\MasterRenderer.h" />
    <ClInclude Include="Source\Camera.h" />
    <ClInclude Include="Source\Components\Mesh.h" />
    <ClInclude Include="Source\Components\Patch.h" />
    <ClInclude Include="Source\Components\Renderable.h" />
    <ClInclude Include="Source\Components\Transform.h" />
    <ClInclude Include="Source\Core\ComponentArray.h" />
    <ClInclude Include="Source\Core\ComponentManager.h" />
    <ClInclude Include="Source\Core\Coordinator.h" />
    <ClInclude Include="Source\Core\EntityManager.h" />
    <ClInclude Include="Source\Core\System.h" />
    <ClInclude Include="Source\Core\SystemManager.h" />
    <ClInclude Include="Source\Core\Types.h" />
    <ClInclude Include="Source\Graphics\Shader.h" />
    <ClInclude Include="Source\Graphics\ShaderManager.h" />
    <ClInclude Include="Source\Graphics\Skybox.h" />
    <ClInclude Include="Source\Graphics\Texture.h" />
    <ClInclude Include="Source\Graphics\TextureManager.h" />
    <ClInclude Include="Source\InputOutput\Callback.h" />
    <ClInclude Include="Source\InputOutput\IoManager.h" />
    <ClInclude Include="Source\InputOutput\Window.h" />
    <ClInclude Include="Source\MasterManager.h" />
    <ClInclude Include="Source\Systems\GuiSystem.h" />
    <ClInclude Include="Source\Systems\Renderers\RenderSystem.h" />
    <ClInclude Include="Source\Systems\Renderers\SphereRenderSystem.h" />
    <ClInclude Include="Source\Systems\Renderers\VAOVBO.h" />
    <ClInclude Include="Source\Systems\Renderers\TerrainRenderer.h" />
    <ClInclude Include="Vendor\include\imgui\imconfig.h" />
    <ClInclude Include="Vendor\include\imgui\imgui.h" />
    <ClInclude Include="Vendor\include\imgui\imgui_impl_glfw.h" />
    <ClInclude Include="Vendor\include\imgui\imgui_impl_opengl3.h" />
    <ClInclude Include="Vendor\include\imgui\imgui_internal.h" />
    <ClInclude Include="Vendor\include\imgui\imstb_rectpack.h" />
    <ClInclude Include="Vendor\include\imgui\imstb_textedit.h" />
    <ClInclude Include="Vendor\include\imgui\imstb_truetype.h" />
    <ClInclude Include="Vendor\include\stb_image.h" />
    <ClInclude Include="Source\Audio\AudioAmbience.h" />
    <ClInclude Include="Source\Audio\AudioMaster.h" />
    <ClInclude Include="Source\Audio\AudioSource.h" />
  </ItemGroup>
</Project>